
Microsoft Visual Studio Solution File, Format Version 12.00
# Visual Studio Version 17
VisualStudioVersion = 17.7.34009.444
MinimumVisualStudioVersion = 10.0.40219.1
Project("{FAE04EC0-301F-11D3-BF4B-00C04F79EFBC}") = "Api", "Api\Api.csproj", "{9C0244BE-CDD9-479F-9CFC-97622FBB166B}"
EndProject
Global
	GlobalSection(SolutionConfigurationPlatforms) = preSolution
		Debug|Any CPU = Debug|Any CPU
		Release|Any CPU = Release|Any CPU
	EndGlobalSection
	GlobalSection(ProjectConfigurationPlatforms) = postSolution
		{9C0244BE-CDD9-479F-9CFC-97622FBB166B}.Debug|Any CPU.ActiveCfg = Debug|Any CPU
		{9C0244BE-CDD9-479F-9CFC-97622FBB166B}.Debug|Any CPU.Build.0 = Debug|Any CPU
		{9C0244BE-CDD9-479F-9CFC-97622FBB166B}.Release|Any CPU.ActiveCfg = Release|Any CPU
		{9C0244BE-CDD9-479F-9CFC-97622FBB166B}.Release|Any CPU.Build.0 = Release|Any CPU
	EndGlobalSection
	GlobalSection(SolutionProperties) = preSolution
		HideSolutionNode = FALSE
	EndGlobalSection
	GlobalSection(ExtensibilityGlobals) = postSolution
		SolutionGuid = {78A5D108-33B3-4E36-A851-38790E18A747}
	EndGlobalSection
EndGlobal
